// !$*UTF8*$!
{
	archiveVersion = 1;
	classes = {
	};
	objectVersion = 55;
	objects = {

/* Begin PBXBuildFile section */
		F83F11D327C7E0EF00A77FE1 /* AppDelegate.swift in Sources */ = {isa = PBXBuildFile; fileRef = F83F11D227C7E0EF00A77FE1 /* AppDelegate.swift */; };
		F83F11D527C7E0EF00A77FE1 /* SceneDelegate.swift in Sources */ = {isa = PBXBuildFile; fileRef = F83F11D427C7E0EF00A77FE1 /* SceneDelegate.swift */; };
		F83F11D727C7E0EF00A77FE1 /* ViewController.swift in Sources */ = {isa = PBXBuildFile; fileRef = F83F11D627C7E0EF00A77FE1 /* ViewController.swift */; };
		F83F11DA27C7E0EF00A77FE1 /* Main.storyboard in Resources */ = {isa = PBXBuildFile; fileRef = F83F11D827C7E0EF00A77FE1 /* Main.storyboard */; };
		F83F11DC27C7E0F000A77FE1 /* Assets.xcassets in Resources */ = {isa = PBXBuildFile; fileRef = F83F11DB27C7E0F000A77FE1 /* Assets.xcassets */; };
		F83F11DF27C7E0F000A77FE1 /* LaunchScreen.storyboard in Resources */ = {isa = PBXBuildFile; fileRef = F83F11DD27C7E0F000A77FE1 /* LaunchScreen.storyboard */; };
		F83F11EA27C7E0F000A77FE1 /* Konduri_DiceGameTests.swift in Sources */ = {isa = PBXBuildFile; fileRef = F83F11E927C7E0F000A77FE1 /* Konduri_DiceGameTests.swift */; };
		F83F11F427C7E0F100A77FE1 /* Konduri_DiceGameUITests.swift in Sources */ = {isa = PBXBuildFile; fileRef = F83F11F327C7E0F100A77FE1 /* Konduri_DiceGameUITests.swift */; };
		F83F11F627C7E0F100A77FE1 /* Konduri_DiceGameUITestsLaunchTests.swift in Sources */ = {isa = PBXBuildFile; fileRef = F83F11F527C7E0F100A77FE1 /* Konduri_DiceGameUITestsLaunchTests.swift */; };
/* End PBXBuildFile section */

/* Begin PBXContainerItemProxy section */
		F83F11E627C7E0F000A77FE1 /* PBXContainerItemProxy */ = {
			isa = PBXContainerItemProxy;
			containerPortal = F83F11C727C7E0EF00A77FE1 /* Project object */;
			proxyType = 1;
			remoteGlobalIDString = F83F11CE27C7E0EF00A77FE1;
			remoteInfo = Konduri_DiceGame;
		};
		F83F11F027C7E0F100A77FE1 /* PBXContainerItemProxy */ = {
			isa = PBXContainerItemProxy;
			containerPortal = F83F11C727C7E0EF00A77FE1 /* Project object */;
			proxyType = 1;
			remoteGlobalIDString = F83F11CE27C7E0EF00A77FE1;
			remoteInfo = Konduri_DiceGame;
		};
/* End PBXContainerItemProxy section */

/* Begin PBXFileReference section */
		F83F11CF27C7E0EF00A77FE1 /* Konduri_DiceGame.app */ = {isa = PBXFileReference; explicitFileType = wrapper.application; includeInIndex = 0; path = Konduri_DiceGame.app; sourceTree = BUILT_PRODUCTS_DIR; };
		F83F11D227C7E0EF00A77FE1 /* AppDelegate.swift */ = {isa = PBXFileReference; lastKnownFileType = sourcecode.swift; path = AppDelegate.swift; sourceTree = "<group>"; };
		F83F11D427C7E0EF00A77FE1 /* SceneDelegate.swift */ = {isa = PBXFileReference; lastKnownFileType = sourcecode.swift; path = SceneDelegate.swift; sourceTree = "<group>"; };
		F83F11D627C7E0EF00A77FE1 /* ViewController.swift */ = {isa = PBXFileReference; lastKnownFileType = sourcecode.swift; path = ViewController.swift; sourceTree = "<group>"; };
		F83F11D927C7E0EF00A77FE1 /* Base */ = {isa = PBXFileReference; lastKnownFileType = file.storyboard; name = Base; path = Base.lproj/Main.storyboard; sourceTree = "<group>"; };
		F83F11DB27C7E0F000A77FE1 /* Assets.xcassets */ = {isa = PBXFileReference; lastKnownFileType = folder.assetcatalog; path = Assets.xcassets; sourceTree = "<group>"; };
		F83F11DE27C7E0F000A77FE1 /* Base */ = {isa = PBXFileReference; lastKnownFileType = file.storyboard; name = Base; path = Base.lproj/LaunchScreen.storyboard; sourceTree = "<group>"; };
		F83F11E027C7E0F000A77FE1 /* Info.plist */ = {isa = PBXFileReference; lastKnownFileType = text.plist.xml; path = Info.plist; sourceTree = "<group>"; };
		F83F11E527C7E0F000A77FE1 /* Konduri_DiceGameTests.xctest */ = {isa = PBXFileReference; explicitFileType = wrapper.cfbundle; includeInIndex = 0; path = Konduri_DiceGameTests.xctest; sourceTree = BUILT_PRODUCTS_DIR; };
		F83F11E927C7E0F000A77FE1 /* Konduri_DiceGameTests.swift */ = {isa = PBXFileReference; lastKnownFileType = sourcecode.swift; path = Konduri_DiceGameTests.swift; sourceTree = "<group>"; };
		F83F11EF27C7E0F000A77FE1 /* Konduri_DiceGameUITests.xctest */ = {isa = PBXFileReference; explicitFileType = wrapper.cfbundle; includeInIndex = 0; path = Konduri_DiceGameUITests.xctest; sourceTree = BUILT_PRODUCTS_DIR; };
		F83F11F327C7E0F100A77FE1 /* Konduri_DiceGameUITests.swift */ = {isa = PBXFileReference; lastKnownFileType = sourcecode.swift; path = Konduri_DiceGameUITests.swift; sourceTree = "<group>"; };
		F83F11F527C7E0F100A77FE1 /* Konduri_DiceGameUITestsLaunchTests.swift */ = {isa = PBXFileReference; lastKnownFileType = sourcecode.swift; path = Konduri_DiceGameUITestsLaunchTests.swift; sourceTree = "<group>"; };
/* End PBXFileReference section */

/* Begin PBXFrameworksBuildPhase section */
		F83F11CC27C7E0EF00A77FE1 /* Frameworks */ = {
			isa = PBXFrameworksBuildPhase;
			buildActionMask = 2147483647;
			files = (
			);
			runOnlyForDeploymentPostprocessing = 0;
		};
		F83F11E227C7E0F000A77FE1 /* Frameworks */ = {
			isa = PBXFrameworksBuildPhase;
			buildActionMask = 2147483647;
			files = (
			);
			runOnlyForDeploymentPostprocessing = 0;
		};
		F83F11EC27C7E0F000A77FE1 /* Frameworks */ = {
			isa = PBXFrameworksBuildPhase;
			buildActionMask = 2147483647;
			files = (
			);
			runOnlyForDeploymentPostprocessing = 0;
		};
/* End PBXFrameworksBuildPhase section */

/* Begin PBXGroup section */
		F83F11C627C7E0EF00A77FE1 = {
			isa = PBXGroup;
			children = (
				F83F11D127C7E0EF00A77FE1 /* Konduri_DiceGame */,
				F83F11E827C7E0F000A77FE1 /* Konduri_DiceGameTests */,
				F83F11F227C7E0F100A77FE1 /* Konduri_DiceGameUITests */,
				F83F11D027C7E0EF00A77FE1 /* Products */,
			);
			sourceTree = "<group>";
		};
		F83F11D027C7E0EF00A77FE1 /* Products */ = {
			isa = PBXGroup;
			children = (
				F83F11CF27C7E0EF00A77FE1 /* Konduri_DiceGame.app */,
				F83F11E527C7E0F000A77FE1 /* Konduri_DiceGameTests.xctest */,
				F83F11EF27C7E0F000A77FE1 /* Konduri_DiceGameUITests.xctest */,
			);
			name = Products;
			sourceTree = "<group>";
		};
		F83F11D127C7E0EF00A77FE1 /* Konduri_DiceGame */ = {
			isa = PBXGroup;
			children = (
				F83F11D227C7E0EF00A77FE1 /* AppDelegate.swift */,
				F83F11D427C7E0EF00A77FE1 /* SceneDelegate.swift */,
				F83F11D627C7E0EF00A77FE1 /* ViewController.swift */,
				F83F11D827C7E0EF00A77FE1 /* Main.storyboard */,
				F83F11DB27C7E0F000A77FE1 /* Assets.xcassets */,
				F83F11DD27C7E0F000A77FE1 /* LaunchScreen.storyboard */,
				F83F11E027C7E0F000A77FE1 /* Info.plist */,
			);
			path = Konduri_DiceGame;
			sourceTree = "<group>";
		};
		F83F11E827C7E0F000A77FE1 /* Konduri_DiceGameTests */ = {
			isa = PBXGroup;
			children = (
				F83F11E927C7E0F000A77FE1 /* Konduri_DiceGameTests.swift */,
			);
			path = Konduri_DiceGameTests;
			sourceTree = "<group>";
		};
		F83F11F227C7E0F100A77FE1 /* Konduri_DiceGameUITests */ = {
			isa = PBXGroup;
			children = (
				F83F11F327C7E0F100A77FE1 /* Konduri_DiceGameUITests.swift */,
				F83F11F527C7E0F100A77FE1 /* Konduri_DiceGameUITestsLaunchTests.swift */,
			);
			path = Konduri_DiceGameUITests;
			sourceTree = "<group>";
		};
/* End PBXGroup section */

/* Begin PBXNativeTarget section */
		F83F11CE27C7E0EF00A77FE1 /* Konduri_DiceGame */ = {
			isa = PBXNativeTarget;
			buildConfigurationList = F83F11F927C7E0F100A77FE1 /* Build configuration list for PBXNativeTarget "Konduri_DiceGame" */;
			buildPhases = (
				F83F11CB27C7E0EF00A77FE1 /* Sources */,
				F83F11CC27C7E0EF00A77FE1 /* Frameworks */,
				F83F11CD27C7E0EF00A77FE1 /* Resources */,
			);
			buildRules = (
			);
			dependencies = (
			);
			name = Konduri_DiceGame;
			productName = Konduri_DiceGame;
			productReference = F83F11CF27C7E0EF00A77FE1 /* Konduri_DiceGame.app */;
			productType = "com.apple.product-type.application";
		};
		F83F11E427C7E0F000A77FE1 /* Konduri_DiceGameTests */ = {
			isa = PBXNativeTarget;
			buildConfigurationList = F83F11FC27C7E0F100A77FE1 /* Build configuration list for PBXNativeTarget "Konduri_DiceGameTests" */;
			buildPhases = (
				F83F11E127C7E0F000A77FE1 /* Sources */,
				F83F11E227C7E0F000A77FE1 /* Frameworks */,
				F83F11E327C7E0F000A77FE1 /* Resources */,
			);
			buildRules = (
			);
			dependencies = (
				F83F11E727C7E0F000A77FE1 /* PBXTargetDependency */,
			);
			name = Konduri_DiceGameTests;
			productName = Konduri_DiceGameTests;
			productReference = F83F11E527C7E0F000A77FE1 /* Konduri_DiceGameTests.xctest */;
			productType = "com.apple.product-type.bundle.unit-test";
		};
		F83F11EE27C7E0F000A77FE1 /* Konduri_DiceGameUITests */ = {
			isa = PBXNativeTarget;
			buildConfigurationList = F83F11FF27C7E0F100A77FE1 /* Build configuration list for PBXNativeTarget "Konduri_DiceGameUITests" */;
			buildPhases = (
				F83F11EB27C7E0F000A77FE1 /* Sources */,
				F83F11EC27C7E0F000A77FE1 /* Frameworks */,
				F83F11ED27C7E0F000A77FE1 /* Resources */,
			);
			buildRules = (
			);
			dependencies = (
				F83F11F127C7E0F100A77FE1 /* PBXTargetDependency */,
			);
			name = Konduri_DiceGameUITests;
			productName = Konduri_DiceGameUITests;
			productReference = F83F11EF27C7E0F000A77FE1 /* Konduri_DiceGameUITests.xctest */;
			productType = "com.apple.product-type.bundle.ui-testing";
		};
/* End PBXNativeTarget section */

/* Begin PBXProject section */
		F83F11C727C7E0EF00A77FE1 /* Project object */ = {
			isa = PBXProject;
			attributes = {
				BuildIndependentTargetsInParallel = 1;
				LastSwiftUpdateCheck = 1320;
				LastUpgradeCheck = 1320;
				TargetAttributes = {
					F83F11CE27C7E0EF00A77FE1 = {
						CreatedOnToolsVersion = 13.2.1;
					};
					F83F11E427C7E0F000A77FE1 = {
						CreatedOnToolsVersion = 13.2.1;
						TestTargetID = F83F11CE27C7E0EF00A77FE1;
					};
					F83F11EE27C7E0F000A77FE1 = {
						CreatedOnToolsVersion = 13.2.1;
						TestTargetID = F83F11CE27C7E0EF00A77FE1;
					};
				};
			};
			buildConfigurationList = F83F11CA27C7E0EF00A77FE1 /* Build configuration list for PBXProject "Konduri_DiceGame" */;
			compatibilityVersion = "Xcode 13.0";
			developmentRegion = en;
			hasScannedForEncodings = 0;
			knownRegions = (
				en,
				Base,
			);
			mainGroup = F83F11C627C7E0EF00A77FE1;
			productRefGroup = F83F11D027C7E0EF00A77FE1 /* Products */;
			projectDirPath = "";
			projectRoot = "";
			targets = (
				F83F11CE27C7E0EF00A77FE1 /* Konduri_DiceGame */,
				F83F11E427C7E0F000A77FE1 /* Konduri_DiceGameTests */,
				F83F11EE27C7E0F000A77FE1 /* Konduri_DiceGameUITests */,
			);
		};
/* End PBXProject section */

/* Begin PBXResourcesBuildPhase section */
		F83F11CD27C7E0EF00A77FE1 /* Resources */ = {
			isa = PBXResourcesBuildPhase;
			buildActionMask = 2147483647;
			files = (
				F83F11DF27C7E0F000A77FE1 /* LaunchScreen.storyboard in Resources */,
				F83F11DC27C7E0F000A77FE1 /* Assets.xcassets in Resources */,
				F83F11DA27C7E0EF00A77FE1 /* Main.storyboard in Resources */,
			);
			runOnlyForDeploymentPostprocessing = 0;
		};
		F83F11E327C7E0F000A77FE1 /* Resources */ = {
			isa = PBXResourcesBuildPhase;
			buildActionMask = 2147483647;
			files = (
			);
			runOnlyForDeploymentPostprocessing = 0;
		};
		F83F11ED27C7E0F000A77FE1 /* Resources */ = {
			isa = PBXResourcesBuildPhase;
			buildActionMask = 2147483647;
			files = (
			);
			runOnlyForDeploymentPostprocessing = 0;
		};
/* End PBXResourcesBuildPhase section */

/* Begin PBXSourcesBuildPhase section */
		F83F11CB27C7E0EF00A77FE1 /* Sources */ = {
			isa = PBXSourcesBuildPhase;
			buildActionMask = 2147483647;
			files = (
				F83F11D727C7E0EF00A77FE1 /* ViewController.swift in Sources */,
				F83F11D327C7E0EF00A77FE1 /* AppDelegate.swift in Sources */,
				F83F11D527C7E0EF00A77FE1 /* SceneDelegate.swift in Sources */,
			);
			runOnlyForDeploymentPostprocessing = 0;
		};
		F83F11E127C7E0F000A77FE1 /* Sources */ = {
			isa = PBXSourcesBuildPhase;
			buildActionMask = 2147483647;
			files = (
				F83F11EA27C7E0F000A77FE1 /* Konduri_DiceGameTests.swift in Sources */,
			);
			runOnlyForDeploymentPostprocessing = 0;
		};
		F83F11EB27C7E0F000A77FE1 /* Sources */ = {
			isa = PBXSourcesBuildPhase;
			buildActionMask = 2147483647;
			files = (
				F83F11F627C7E0F100A77FE1 /* Konduri_DiceGameUITestsLaunchTests.swift in Sources */,
				F83F11F427C7E0F100A77FE1 /* Konduri_DiceGameUITests.swift in Sources */,
			);
			runOnlyForDeploymentPostprocessing = 0;
		};
/* End PBXSourcesBuildPhase section */

/* Begin PBXTargetDependency section */
		F83F11E727C7E0F000A77FE1 /* PBXTargetDependency */ = {
			isa = PBXTargetDependency;
			target = F83F11CE27C7E0EF00A77FE1 /* Konduri_DiceGame */;
			targetProxy = F83F11E627C7E0F000A77FE1 /* PBXContainerItemProxy */;
		};
		F83F11F127C7E0F100A77FE1 /* PBXTargetDependency */ = {
			isa = PBXTargetDependency;
			target = F83F11CE27C7E0EF00A77FE1 /* Konduri_DiceGame */;
			targetProxy = F83F11F027C7E0F100A77FE1 /* PBXContainerItemProxy */;
		};
/* End PBXTargetDependency section */

/* Begin PBXVariantGroup section */
		F83F11D827C7E0EF00A77FE1 /* Main.storyboard */ = {
			isa = PBXVariantGroup;
			children = (
				F83F11D927C7E0EF00A77FE1 /* Base */,
			);
			name = Main.storyboard;
			sourceTree = "<group>";
		};
		F83F11DD27C7E0F000A77FE1 /* LaunchScreen.storyboard */ = {
			isa = PBXVariantGroup;
			children = (
				F83F11DE27C7E0F000A77FE1 /* Base */,
			);
			name = LaunchScreen.storyboard;
			sourceTree = "<group>";
		};
/* End PBXVariantGroup section */

/* Begin XCBuildConfiguration section */
		F83F11F727C7E0F100A77FE1 /* Debug */ = {
			isa = XCBuildConfiguration;
			buildSettings = {
				ALWAYS_SEARCH_USER_PATHS = NO;
				CLANG_ANALYZER_NONNULL = YES;
				CLANG_ANALYZER_NUMBER_OBJECT_CONVERSION = YES_AGGRESSIVE;
				CLANG_CXX_LANGUAGE_STANDARD = "gnu++17";
				CLANG_CXX_LIBRARY = "libc++";
				CLANG_ENABLE_MODULES = YES;
				CLANG_ENABLE_OBJC_ARC = YES;
				CLANG_ENABLE_OBJC_WEAK = YES;
				CLANG_WARN_BLOCK_CAPTURE_AUTORELEASING = YES;
				CLANG_WARN_BOOL_CONVERSION = YES;
				CLANG_WARN_COMMA = YES;
				CLANG_WARN_CONSTANT_CONVERSION = YES;
				CLANG_WARN_DEPRECATED_OBJC_IMPLEMENTATIONS = YES;
				CLANG_WARN_DIRECT_OBJC_ISA_USAGE = YES_ERROR;
				CLANG_WARN_DOCUMENTATION_COMMENTS = YES;
				CLANG_WARN_EMPTY_BODY = YES;
				CLANG_WARN_ENUM_CONVERSION = YES;
				CLANG_WARN_INFINITE_RECURSION = YES;
				CLANG_WARN_INT_CONVERSION = YES;
				CLANG_WARN_NON_LITERAL_NULL_CONVERSION = YES;
				CLANG_WARN_OBJC_IMPLICIT_RETAIN_SELF = YES;
				CLANG_WARN_OBJC_LITERAL_CONVERSION = YES;
				CLANG_WARN_OBJC_ROOT_CLASS = YES_ERROR;
				CLANG_WARN_QUOTED_INCLUDE_IN_FRAMEWORK_HEADER = YES;
				CLANG_WARN_RANGE_LOOP_ANALYSIS = YES;
				CLANG_WARN_STRICT_PROTOTYPES = YES;
				CLANG_WARN_SUSPICIOUS_MOVE = YES;
				CLANG_WARN_UNGUARDED_AVAILABILITY = YES_AGGRESSIVE;
				CLANG_WARN_UNREACHABLE_CODE = YES;
				CLANG_WARN__DUPLICATE_METHOD_MATCH = YES;
				COPY_PHASE_STRIP = NO;
				DEBUG_INFORMATION_FORMAT = dwarf;
				ENABLE_STRICT_OBJC_MSGSEND = YES;
				ENABLE_TESTABILITY = YES;
				GCC_C_LANGUAGE_STANDARD = gnu11;
				GCC_DYNAMIC_NO_PIC = NO;
				GCC_NO_COMMON_BLOCKS = YES;
				GCC_OPTIMIZATION_LEVEL = 0;
				GCC_PREPROCESSOR_DEFINITIONS = (
					"DEBUG=1",
					"$(inherited)",
				);
				GCC_WARN_64_TO_32_BIT_CONVERSION = YES;
				GCC_WARN_ABOUT_RETURN_TYPE = YES_ERROR;
				GCC_WARN_UNDECLARED_SELECTOR = YES;
				GCC_WARN_UNINITIALIZED_AUTOS = YES_AGGRESSIVE;
				GCC_WARN_UNUSED_FUNCTION = YES;
				GCC_WARN_UNUSED_VARIABLE = YES;
				IPHONEOS_DEPLOYMENT_TARGET = 15.2;
				MTL_ENABLE_DEBUG_INFO = INCLUDE_SOURCE;
				MTL_FAST_MATH = YES;
				ONLY_ACTIVE_ARCH = YES;
				SDKROOT = iphoneos;
				SWIFT_ACTIVE_COMPILATION_CONDITIONS = DEBUG;
				SWIFT_OPTIMIZATION_LEVEL = "-Onone";
			};
			name = Debug;
		};
		F83F11F827C7E0F100A77FE1 /* Release */ = {
			isa = XCBuildConfiguration;
			buildSettings = {
				ALWAYS_SEARCH_USER_PATHS = NO;
				CLANG_ANALYZER_NONNULL = YES;
				CLANG_ANALYZER_NUMBER_OBJECT_CONVERSION = YES_AGGRESSIVE;
				CLANG_CXX_LANGUAGE_STANDARD = "gnu++17";
				CLANG_CXX_LIBRARY = "libc++";
				CLANG_ENABLE_MODULES = YES;
				CLANG_ENABLE_OBJC_ARC = YES;
				CLANG_ENABLE_OBJC_WEAK = YES;
				CLANG_WARN_BLOCK_CAPTURE_AUTORELEASING = YES;
				CLANG_WARN_BOOL_CONVERSION = YES;
				CLANG_WARN_COMMA = YES;
				CLANG_WARN_CONSTANT_CONVERSION = YES;
				CLANG_WARN_DEPRECATED_OBJC_IMPLEMENTATIONS = YES;
				CLANG_WARN_DIRECT_OBJC_ISA_USAGE = YES_ERROR;
				CLANG_WARN_DOCUMENTATION_COMMENTS = YES;
				CLANG_WARN_EMPTY_BODY = YES;
				CLANG_WARN_ENUM_CONVERSION = YES;
				CLANG_WARN_INFINITE_RECURSION = YES;
				CLANG_WARN_INT_CONVERSION = YES;
				CLANG_WARN_NON_LITERAL_NULL_CONVERSION = YES;
				CLANG_WARN_OBJC_IMPLICIT_RETAIN_SELF = YES;
				CLANG_WARN_OBJC_LITERAL_CONVERSION = YES;
				CLANG_WARN_OBJC_ROOT_CLASS = YES_ERROR;
				CLANG_WARN_QUOTED_INCLUDE_IN_FRAMEWORK_HEADER = YES;
				CLANG_WARN_RANGE_LOOP_ANALYSIS = YES;
				CLANG_WARN_STRICT_PROTOTYPES = YES;
				CLANG_WARN_SUSPICIOUS_MOVE = YES;
				CLANG_WARN_UNGUARDED_AVAILABILITY = YES_AGGRESSIVE;
				CLANG_WARN_UNREACHABLE_CODE = YES;
				CLANG_WARN__DUPLICATE_METHOD_MATCH = YES;
				COPY_PHASE_STRIP = NO;
				DEBUG_INFORMATION_FORMAT = "dwarf-with-dsym";
				ENABLE_NS_ASSERTIONS = NO;
				ENABLE_STRICT_OBJC_MSGSEND = YES;
				GCC_C_LANGUAGE_STANDARD = gnu11;
				GCC_NO_COMMON_BLOCKS = YES;
				GCC_WARN_64_TO_32_BIT_CONVERSION = YES;
				GCC_WARN_ABOUT_RETURN_TYPE = YES_ERROR;
				GCC_WARN_UNDECLARED_SELECTOR = YES;
				GCC_WARN_UNINITIALIZED_AUTOS = YES_AGGRESSIVE;
				GCC_WARN_UNUSED_FUNCTION = YES;
				GCC_WARN_UNUSED_VARIABLE = YES;
				IPHONEOS_DEPLOYMENT_TARGET = 15.2;
				MTL_ENABLE_DEBUG_INFO = NO;
				MTL_FAST_MATH = YES;
				SDKROOT = iphoneos;
				SWIFT_COMPILATION_MODE = wholemodule;
				SWIFT_OPTIMIZATION_LEVEL = "-O";
				VALIDATE_PRODUCT = YES;
			};
			name = Release;
		};
		F83F11FA27C7E0F100A77FE1 /* Debug */ = {
			isa = XCBuildConfiguration;
			buildSettings = {
				ASSETCATALOG_COMPILER_APPICON_NAME = AppIcon;
				ASSETCATALOG_COMPILER_GLOBAL_ACCENT_COLOR_NAME = AccentColor;
				CODE_SIGN_STYLE = Automatic;
				CURRENT_PROJECT_VERSION = 1;
				GENERATE_INFOPLIST_FILE = YES;
				INFOPLIST_FILE = Konduri_DiceGame/Info.plist;
				INFOPLIST_KEY_UIApplicationSupportsIndirectInputEvents = YES;
				INFOPLIST_KEY_UILaunchStoryboardName = LaunchScreen;
				INFOPLIST_KEY_UIMainStoryboardFile = Main;
				INFOPLIST_KEY_UISupportedInterfaceOrientations_iPad = "UIInterfaceOrientationPortrait UIInterfaceOrientationPortraitUpsideDown UIInterfaceOrientationLandscapeLeft UIInterfaceOrientationLandscapeRight";
				INFOPLIST_KEY_UISupportedInterfaceOrientations_iPhone = "UIInterfaceOrientationPortrait UIInterfaceOrientationLandscapeLeft UIInterfaceOrientationLandscapeRight";
				LD_RUNPATH_SEARCH_PATHS = (
					"$(inherited)",
					"@executable_path/Frameworks",
				);
				MARKETING_VERSION = 1.0;
				PRODUCT_BUNDLE_IDENTIFIER = "nwmsu.Konduri-DiceGame";
				PRODUCT_NAME = "$(TARGET_NAME)";
				SWIFT_EMIT_LOC_STRINGS = YES;
				SWIFT_VERSION = 5.0;
				TARGETED_DEVICE_FAMILY = "1,2";
			};
			name = Debug;
		};
		F83F11FB27C7E0F100A77FE1 /* Release */ = {
			isa = XCBuildConfiguration;
			buildSettings = {
				ASSETCATALOG_COMPILER_APPICON_NAME = AppIcon;
				ASSETCATALOG_COMPILER_GLOBAL_ACCENT_COLOR_NAME = AccentColor;
				CODE_SIGN_STYLE = Automatic;
				CURRENT_PROJECT_VERSION = 1;
				GENERATE_INFOPLIST_FILE = YES;
				INFOPLIST_FILE = Konduri_DiceGame/Info.plist;
				INFOPLIST_KEY_UIApplicationSupportsIndirectInputEvents = YES;
				INFOPLIST_KEY_UILaunchStoryboardName = LaunchScreen;
				INFOPLIST_KEY_UIMainStoryboardFile = Main;
				INFOPLIST_KEY_UISupportedInterfaceOrientations_iPad = "UIInterfaceOrientationPortrait UIInterfaceOrientationPortraitUpsideDown UIInterfaceOrientationLandscapeLeft UIInterfaceOrientationLandscapeRight";
				INFOPLIST_KEY_UISupportedInterfaceOrientations_iPhone = "UIInterfaceOrientationPortrait UIInterfaceOrientationLandscapeLeft UIInterfaceOrientationLandscapeRight";
				LD_RUNPATH_SEARCH_PATHS = (
					"$(inherited)",
					"@executable_path/Frameworks",
				);
				MARKETING_VERSION = 1.0;
				PRODUCT_BUNDLE_IDENTIFIER = "nwmsu.Konduri-DiceGame";
				PRODUCT_NAME = "$(TARGET_NAME)";
				SWIFT_EMIT_LOC_STRINGS = YES;
				SWIFT_VERSION = 5.0;
				TARGETED_DEVICE_FAMILY = "1,2";
			};
			name = Release;
		};
		F83F11FD27C7E0F100A77FE1 /* Debug */ = {
			isa = XCBuildConfiguration;
			buildSettings = {
				ALWAYS_EMBED_SWIFT_STANDARD_LIBRARIES = YES;
				BUNDLE_LOADER = "$(TEST_HOST)";
				CODE_SIGN_STYLE = Automatic;
				CURRENT_PROJECT_VERSION = 1;
				GENERATE_INFOPLIST_FILE = YES;
				IPHONEOS_DEPLOYMENT_TARGET = 15.2;
				MARKETING_VERSION = 1.0;
				PRODUCT_BUNDLE_IDENTIFIER = "nwmsu.Konduri-DiceGameTests";
				PRODUCT_NAME = "$(TARGET_NAME)";
				SWIFT_EMIT_LOC_STRINGS = NO;
				SWIFT_VERSION = 5.0;
				TARGETED_DEVICE_FAMILY = "1,2";
				TEST_HOST = "$(BUILT_PRODUCTS_DIR)/Konduri_DiceGame.app/Konduri_DiceGame";
			};
			name = Debug;
		};
		F83F11FE27C7E0F100A77FE1 /* Release */ = {
			isa = XCBuildConfiguration;
			buildSettings = {
				ALWAYS_EMBED_SWIFT_STANDARD_LIBRARIES = YES;
				BUNDLE_LOADER = "$(TEST_HOST)";
				CODE_SIGN_STYLE = Automatic;
				CURRENT_PROJECT_VERSION = 1;
				GENERATE_INFOPLIST_FILE = YES;
				IPHONEOS_DEPLOYMENT_TARGET = 15.2;
				MARKETING_VERSION = 1.0;
				PRODUCT_BUNDLE_IDENTIFIER = "nwmsu.Konduri-DiceGameTests";
				PRODUCT_NAME = "$(TARGET_NAME)";
				SWIFT_EMIT_LOC_STRINGS = NO;
				SWIFT_VERSION = 5.0;
				TARGETED_DEVICE_FAMILY = "1,2";
				TEST_HOST = "$(BUILT_PRODUCTS_DIR)/Konduri_DiceGame.app/Konduri_DiceGame";
			};
			name = Release;
		};
		F83F120027C7E0F100A77FE1 /* Debug */ = {
			isa = XCBuildConfiguration;
			buildSettings = {
				ALWAYS_EMBED_SWIFT_STANDARD_LIBRARIES = YES;
				CODE_SIGN_STYLE = Automatic;
				CURRENT_PROJECT_VERSION = 1;
				GENERATE_INFOPLIST_FILE = YES;
				MARKETING_VERSION = 1.0;
				PRODUCT_BUNDLE_IDENTIFIER = "nwmsu.Konduri-DiceGameUITests";
				PRODUCT_NAME = "$(TARGET_NAME)";
				SWIFT_EMIT_LOC_STRINGS = NO;
				SWIFT_VERSION = 5.0;
				TARGETED_DEVICE_FAMILY = "1,2";
				TEST_TARGET_NAME = Konduri_DiceGame;
			};
			name = Debug;
		};
		F83F120127C7E0F100A77FE1 /* Release */ = {
			isa = XCBuildConfiguration;
			buildSettings = {
				ALWAYS_EMBED_SWIFT_STANDARD_LIBRARIES = YES;
				CODE_SIGN_STYLE = Automatic;
				CURRENT_PROJECT_VERSION = 1;
				GENERATE_INFOPLIST_FILE = YES;
				MARKETING_VERSION = 1.0;
				PRODUCT_BUNDLE_IDENTIFIER = "nwmsu.Konduri-DiceGameUITests";
				PRODUCT_NAME = "$(TARGET_NAME)";
				SWIFT_EMIT_LOC_STRINGS = NO;
				SWIFT_VERSION = 5.0;
				TARGETED_DEVICE_FAMILY = "1,2";
				TEST_TARGET_NAME = Konduri_DiceGame;
			};
			name = Release;
		};
/* End XCBuildConfiguration section */

/* Begin XCConfigurationList section */
		F83F11CA27C7E0EF00A77FE1 /* Build configuration list for PBXProject "Konduri_DiceGame" */ = {
			isa = XCConfigurationList;
			buildConfigurations = (
				F83F11F727C7E0F100A77FE1 /* Debug */,
				F83F11F827C7E0F100A77FE1 /* Release */,
			);
			defaultConfigurationIsVisible = 0;
			defaultConfigurationName = Release;
		};
		F83F11F927C7E0F100A77FE1 /* Build configuration list for PBXNativeTarget "Konduri_DiceGame" */ = {
			isa = XCConfigurationList;
			buildConfigurations = (
				F83F11FA27C7E0F100A77FE1 /* Debug */,
				F83F11FB27C7E0F100A77FE1 /* Release */,
			);
			defaultConfigurationIsVisible = 0;
			defaultConfigurationName = Release;
		};
		F83F11FC27C7E0F100A77FE1 /* Build configuration list for PBXNativeTarget "Konduri_DiceGameTests" */ = {
			isa = XCConfigurationList;
			buildConfigurations = (
				F83F11FD27C7E0F100A77FE1 /* Debug */,
				F83F11FE27C7E0F100A77FE1 /* Release */,
			);
			defaultConfigurationIsVisible = 0;
			defaultConfigurationName = Release;
		};
		F83F11FF27C7E0F100A77FE1 /* Build configuration list for PBXNativeTarget "Konduri_DiceGameUITests" */ = {
			isa = XCConfigurationList;
			buildConfigurations = (
				F83F120027C7E0F100A77FE1 /* Debug */,
				F83F120127C7E0F100A77FE1 /* Release */,
			);
			defaultConfigurationIsVisible = 0;
			defaultConfigurationName = Release;
		};
/* End XCConfigurationList section */
	};
	rootObject = F83F11C727C7E0EF00A77FE1 /* Project object */;
}
